// !$*UTF8*$!
{
	archiveVersion = 1;
	classes = {
	};
	objectVersion = 50;
	objects = {

/* Begin PBXBuildFile section */
		145A223021E33963005CF1C1 /* SetecPasswordVC.m in Sources */ = {isa = PBXBuildFile; fileRef = 145A222E21E33963005CF1C1 /* SetecPasswordVC.m */; };
		145A223121E33963005CF1C1 /* SetecPasswordVC.xib in Resources */ = {isa = PBXBuildFile; fileRef = 145A222F21E33963005CF1C1 /* SetecPasswordVC.xib */; };
		145A224221E3456D005CF1C1 /* gesture_headIcon@2x.png in Resources */ = {isa = PBXBuildFile; fileRef = 145A223421E3456D005CF1C1 /* gesture_headIcon@2x.png */; };
		145A224321E3456D005CF1C1 /* gesture_indicator_normal@2x.png in Resources */ = {isa = PBXBuildFile; fileRef = 145A223521E3456D005CF1C1 /* gesture_indicator_normal@2x.png */; };
		145A224421E3456D005CF1C1 /* gesture_indicator_selected@2x.png in Resources */ = {isa = PBXBuildFile; fileRef = 145A223621E3456D005CF1C1 /* gesture_indicator_selected@2x.png */; };
		145A224521E3456D005CF1C1 /* gesture_normal@2x.png in Resources */ = {isa = PBXBuildFile; fileRef = 145A223721E3456D005CF1C1 /* gesture_normal@2x.png */; };
		145A224621E3456D005CF1C1 /* gesture_selected@2x.png in Resources */ = {isa = PBXBuildFile; fileRef = 145A223821E3456D005CF1C1 /* gesture_selected@2x.png */; };
		145A224721E3456D005CF1C1 /* 橙色椭圆.png in Resources */ = {isa = PBXBuildFile; fileRef = 145A223921E3456D005CF1C1 /* 橙色椭圆.png */; };
		145A224821E3456D005CF1C1 /* 灰色椭圆.png in Resources */ = {isa = PBXBuildFile; fileRef = 145A223A21E3456D005CF1C1 /* 灰色椭圆.png */; };
		145A224921E3456D005CF1C1 /* 红色椭圆.png in Resources */ = {isa = PBXBuildFile; fileRef = 145A223B21E3456D005CF1C1 /* 红色椭圆.png */; };
		145A224A21E3456D005CF1C1 /* ZLGestureLockIndicator.m in Sources */ = {isa = PBXBuildFile; fileRef = 145A223D21E3456D005CF1C1 /* ZLGestureLockIndicator.m */; };
		145A224B21E3456D005CF1C1 /* ZLGestureLockView.m in Sources */ = {isa = PBXBuildFile; fileRef = 145A223F21E3456D005CF1C1 /* ZLGestureLockView.m */; };
		145A224C21E3456D005CF1C1 /* ZLGestureLockViewController.m in Sources */ = {isa = PBXBuildFile; fileRef = 145A224121E3456D005CF1C1 /* ZLGestureLockViewController.m */; };
		14AE6C6A21D22A9400D4F63D /* AppDelegate.m in Sources */ = {isa = PBXBuildFile; fileRef = 14AE6C6921D22A9400D4F63D /* AppDelegate.m */; };
		14AE6C6D21D22A9400D4F63D /* ViewController.m in Sources */ = {isa = PBXBuildFile; fileRef = 14AE6C6C21D22A9400D4F63D /* ViewController.m */; };
		14AE6C7021D22A9400D4F63D /* Main.storyboard in Resources */ = {isa = PBXBuildFile; fileRef = 14AE6C6E21D22A9400D4F63D /* Main.storyboard */; };
		14AE6C7221D22A9500D4F63D /* Assets.xcassets in Resources */ = {isa = PBXBuildFile; fileRef = 14AE6C7121D22A9500D4F63D /* Assets.xcassets */; };
		14AE6C7521D22A9500D4F63D /* LaunchScreen.storyboard in Resources */ = {isa = PBXBuildFile; fileRef = 14AE6C7321D22A9500D4F63D /* LaunchScreen.storyboard */; };
		14AE6C7821D22A9600D4F63D /* main.m in Sources */ = {isa = PBXBuildFile; fileRef = 14AE6C7721D22A9600D4F63D /* main.m */; };
		14AE6C8221D22A9600D4F63D /* WPasswordProjectTests.m in Sources */ = {isa = PBXBuildFile; fileRef = 14AE6C8121D22A9600D4F63D /* WPasswordProjectTests.m */; };
		14AE6C8D21D22A9600D4F63D /* WPasswordProjectUITests.m in Sources */ = {isa = PBXBuildFile; fileRef = 14AE6C8C21D22A9600D4F63D /* WPasswordProjectUITests.m */; };
		14AE6CD221D46ABD00D4F63D /* NSArray+NullJudge.m in Sources */ = {isa = PBXBuildFile; fileRef = 14AE6CBD21D46ABC00D4F63D /* NSArray+NullJudge.m */; };
		14AE6CD321D46ABD00D4F63D /* NSString+ToolString.m in Sources */ = {isa = PBXBuildFile; fileRef = 14AE6CBF21D46ABC00D4F63D /* NSString+ToolString.m */; };
		14AE6CD421D46ABD00D4F63D /* NSDictionary+Log.m in Sources */ = {isa = PBXBuildFile; fileRef = 14AE6CC021D46ABC00D4F63D /* NSDictionary+Log.m */; };
		14AE6CD521D46ABD00D4F63D /* UILabel+YBAttributeTextTapAction.m in Sources */ = {isa = PBXBuildFile; fileRef = 14AE6CC221D46ABC00D4F63D /* UILabel+YBAttributeTextTapAction.m */; };
		14AE6CD821D46ABD00D4F63D /* UITextField+cursor.m in Sources */ = {isa = PBXBuildFile; fileRef = 14AE6CC621D46ABC00D4F63D /* UITextField+cursor.m */; };
		14AE6CD921D46ABD00D4F63D /* UIButton+UrlImageView.m in Sources */ = {isa = PBXBuildFile; fileRef = 14AE6CCB21D46ABD00D4F63D /* UIButton+UrlImageView.m */; };
		14AE6CDA21D46ABD00D4F63D /* UICountingLabel.m in Sources */ = {isa = PBXBuildFile; fileRef = 14AE6CCD21D46ABD00D4F63D /* UICountingLabel.m */; };
		14AE6CDB21D46ABD00D4F63D /* NSArray+Log.m in Sources */ = {isa = PBXBuildFile; fileRef = 14AE6CCF21D46ABD00D4F63D /* NSArray+Log.m */; };
		14AE6CDC21D46ABD00D4F63D /* UIImage+FixOrientation.m in Sources */ = {isa = PBXBuildFile; fileRef = 14AE6CD021D46ABD00D4F63D /* UIImage+FixOrientation.m */; };
		14AE6CDD21D46ABD00D4F63D /* UIView+Action.m in Sources */ = {isa = PBXBuildFile; fileRef = 14AE6CD121D46ABD00D4F63D /* UIView+Action.m */; };
		14AE6CE321D46CDE00D4F63D /* UIView+CornerRadius.m in Sources */ = {isa = PBXBuildFile; fileRef = 14AE6CE221D46CDE00D4F63D /* UIView+CornerRadius.m */; };
		14AE6CE621D46F5300D4F63D /* NSDictionary+NullJudge.m in Sources */ = {isa = PBXBuildFile; fileRef = 14AE6CE521D46F5300D4F63D /* NSDictionary+NullJudge.m */; };
		14AE6CFF21D5D39D00D4F63D /* BaseViewContrroler+PhotoPicker.m in Sources */ = {isa = PBXBuildFile; fileRef = 14AE6CFC21D5D39D00D4F63D /* BaseViewContrroler+PhotoPicker.m */; };
		14AE6D0021D5D39D00D4F63D /* BaseViewContrroler.m in Sources */ = {isa = PBXBuildFile; fileRef = 14AE6CFE21D5D39D00D4F63D /* BaseViewContrroler.m */; };
		14AE6D1321D5D46500D4F63D /* icon_back_black.png in Resources */ = {isa = PBXBuildFile; fileRef = 14AE6D0A21D5D46500D4F63D /* icon_back_black.png */; };
		14AE6D1421D5D46500D4F63D /* UINavigationItem+WsqCustomItem.m in Sources */ = {isa = PBXBuildFile; fileRef = 14AE6D0C21D5D46500D4F63D /* UINavigationItem+WsqCustomItem.m */; };
		14AE6D1521D5D46500D4F63D /* WsqCustomBarItem.m in Sources */ = {isa = PBXBuildFile; fileRef = 14AE6D0E21D5D46500D4F63D /* WsqCustomBarItem.m */; };
		14AE6D1621D5D46500D4F63D /* WsqCustomNavigationVC.m in Sources */ = {isa = PBXBuildFile; fileRef = 14AE6D1021D5D46500D4F63D /* WsqCustomNavigationVC.m */; };
		14AE6D1721D5D46500D4F63D /* WSQTabBarController.m in Sources */ = {isa = PBXBuildFile; fileRef = 14AE6D1221D5D46500D4F63D /* WSQTabBarController.m */; };
		14AE6D1A21D72C1600D4F63D /* AddViewContrroler.m in Sources */ = {isa = PBXBuildFile; fileRef = 14AE6D1921D72C1600D4F63D /* AddViewContrroler.m */; };
		14AE6D1D21D72C2200D4F63D /* HomeViewController.m in Sources */ = {isa = PBXBuildFile; fileRef = 14AE6D1C21D72C2200D4F63D /* HomeViewController.m */; };
		14AE6D2021D72C3A00D4F63D /* PersonalViewController.m in Sources */ = {isa = PBXBuildFile; fileRef = 14AE6D1F21D72C3A00D4F63D /* PersonalViewController.m */; };
/* End PBXBuildFile section */

/* Begin PBXContainerItemProxy section */
		14AE6C7E21D22A9600D4F63D /* PBXContainerItemProxy */ = {
			isa = PBXContainerItemProxy;
			containerPortal = 14AE6C5D21D22A9400D4F63D /* Project object */;
			proxyType = 1;
			remoteGlobalIDString = 14AE6C6421D22A9400D4F63D;
			remoteInfo = WPasswordProject;
		};
		14AE6C8921D22A9600D4F63D /* PBXContainerItemProxy */ = {
			isa = PBXContainerItemProxy;
			containerPortal = 14AE6C5D21D22A9400D4F63D /* Project object */;
			proxyType = 1;
			remoteGlobalIDString = 14AE6C6421D22A9400D4F63D;
			remoteInfo = WPasswordProject;
		};
/* End PBXContainerItemProxy section */

/* Begin PBXFileReference section */
		145A222D21E33963005CF1C1 /* SetecPasswordVC.h */ = {isa = PBXFileReference; lastKnownFileType = sourcecode.c.h; path = SetecPasswordVC.h; sourceTree = "<group>"; };
		145A222E21E33963005CF1C1 /* SetecPasswordVC.m */ = {isa = PBXFileReference; lastKnownFileType = sourcecode.c.objc; path = SetecPasswordVC.m; sourceTree = "<group>"; };
		145A222F21E33963005CF1C1 /* SetecPasswordVC.xib */ = {isa = PBXFileReference; lastKnownFileType = file.xib; path = SetecPasswordVC.xib; sourceTree = "<group>"; };
		145A223421E3456D005CF1C1 /* gesture_headIcon@2x.png */ = {isa = PBXFileReference; lastKnownFileType = image.png; path = "gesture_headIcon@2x.png"; sourceTree = "<group>"; };
		145A223521E3456D005CF1C1 /* gesture_indicator_normal@2x.png */ = {isa = PBXFileReference; lastKnownFileType = image.png; path = "gesture_indicator_normal@2x.png"; sourceTree = "<group>"; };
		145A223621E3456D005CF1C1 /* gesture_indicator_selected@2x.png */ = {isa = PBXFileReference; lastKnownFileType = image.png; path = "gesture_indicator_selected@2x.png"; sourceTree = "<group>"; };
		145A223721E3456D005CF1C1 /* gesture_normal@2x.png */ = {isa = PBXFileReference; lastKnownFileType = image.png; path = "gesture_normal@2x.png"; sourceTree = "<group>"; };
		145A223821E3456D005CF1C1 /* gesture_selected@2x.png */ = {isa = PBXFileReference; lastKnownFileType = image.png; path = "gesture_selected@2x.png"; sourceTree = "<group>"; };
		145A223921E3456D005CF1C1 /* 橙色椭圆.png */ = {isa = PBXFileReference; lastKnownFileType = image.png; path = "橙色椭圆.png"; sourceTree = "<group>"; };
		145A223A21E3456D005CF1C1 /* 灰色椭圆.png */ = {isa = PBXFileReference; lastKnownFileType = image.png; path = "灰色椭圆.png"; sourceTree = "<group>"; };
		145A223B21E3456D005CF1C1 /* 红色椭圆.png */ = {isa = PBXFileReference; lastKnownFileType = image.png; path = "红色椭圆.png"; sourceTree = "<group>"; };
		145A223C21E3456D005CF1C1 /* ZLGestureLockIndicator.h */ = {isa = PBXFileReference; fileEncoding = 4; lastKnownFileType = sourcecode.c.h; path = ZLGestureLockIndicator.h; sourceTree = "<group>"; };
		145A223D21E3456D005CF1C1 /* ZLGestureLockIndicator.m */ = {isa = PBXFileReference; fileEncoding = 4; lastKnownFileType = sourcecode.c.objc; path = ZLGestureLockIndicator.m; sourceTree = "<group>"; };
		145A223E21E3456D005CF1C1 /* ZLGestureLockView.h */ = {isa = PBXFileReference; fileEncoding = 4; lastKnownFileType = sourcecode.c.h; path = ZLGestureLockView.h; sourceTree = "<group>"; };
		145A223F21E3456D005CF1C1 /* ZLGestureLockView.m */ = {isa = PBXFileReference; fileEncoding = 4; lastKnownFileType = sourcecode.c.objc; path = ZLGestureLockView.m; sourceTree = "<group>"; };
		145A224021E3456D005CF1C1 /* ZLGestureLockViewController.h */ = {isa = PBXFileReference; fileEncoding = 4; lastKnownFileType = sourcecode.c.h; path = ZLGestureLockViewController.h; sourceTree = "<group>"; };
		145A224121E3456D005CF1C1 /* ZLGestureLockViewController.m */ = {isa = PBXFileReference; fileEncoding = 4; lastKnownFileType = sourcecode.c.objc; path = ZLGestureLockViewController.m; sourceTree = "<group>"; };
		14AE6C6521D22A9400D4F63D /* WPasswordProject.app */ = {isa = PBXFileReference; explicitFileType = wrapper.application; includeInIndex = 0; path = WPasswordProject.app; sourceTree = BUILT_PRODUCTS_DIR; };
		14AE6C6821D22A9400D4F63D /* AppDelegate.h */ = {isa = PBXFileReference; lastKnownFileType = sourcecode.c.h; path = AppDelegate.h; sourceTree = "<group>"; };
		14AE6C6921D22A9400D4F63D /* AppDelegate.m */ = {isa = PBXFileReference; lastKnownFileType = sourcecode.c.objc; path = AppDelegate.m; sourceTree = "<group>"; };
		14AE6C6B21D22A9400D4F63D /* ViewController.h */ = {isa = PBXFileReference; lastKnownFileType = sourcecode.c.h; path = ViewController.h; sourceTree = "<group>"; };
		14AE6C6C21D22A9400D4F63D /* ViewController.m */ = {isa = PBXFileReference; lastKnownFileType = sourcecode.c.objc; path = ViewController.m; sourceTree = "<group>"; };
		14AE6C6F21D22A9400D4F63D /* Base */ = {isa = PBXFileReference; lastKnownFileType = file.storyboard; name = Base; path = Base.lproj/Main.storyboard; sourceTree = "<group>"; };
		14AE6C7121D22A9500D4F63D /* Assets.xcassets */ = {isa = PBXFileReference; lastKnownFileType = folder.assetcatalog; path = Assets.xcassets; sourceTree = "<group>"; };
		14AE6C7421D22A9500D4F63D /* Base */ = {isa = PBXFileReference; lastKnownFileType = file.storyboard; name = Base; path = Base.lproj/LaunchScreen.storyboard; sourceTree = "<group>"; };
		14AE6C7621D22A9600D4F63D /* Info.plist */ = {isa = PBXFileReference; lastKnownFileType = text.plist.xml; path = Info.plist; sourceTree = "<group>"; };
		14AE6C7721D22A9600D4F63D /* main.m */ = {isa = PBXFileReference; lastKnownFileType = sourcecode.c.objc; path = main.m; sourceTree = "<group>"; };
		14AE6C7D21D22A9600D4F63D /* WPasswordProjectTests.xctest */ = {isa = PBXFileReference; explicitFileType = wrapper.cfbundle; includeInIndex = 0; path = WPasswordProjectTests.xctest; sourceTree = BUILT_PRODUCTS_DIR; };
		14AE6C8121D22A9600D4F63D /* WPasswordProjectTests.m */ = {isa = PBXFileReference; lastKnownFileType = sourcecode.c.objc; path = WPasswordProjectTests.m; sourceTree = "<group>"; };
		14AE6C8321D22A9600D4F63D /* Info.plist */ = {isa = PBXFileReference; lastKnownFileType = text.plist.xml; path = Info.plist; sourceTree = "<group>"; };
		14AE6C8821D22A9600D4F63D /* WPasswordProjectUITests.xctest */ = {isa = PBXFileReference; explicitFileType = wrapper.cfbundle; includeInIndex = 0; path = WPasswordProjectUITests.xctest; sourceTree = BUILT_PRODUCTS_DIR; };
		14AE6C8C21D22A9600D4F63D /* WPasswordProjectUITests.m */ = {isa = PBXFileReference; lastKnownFileType = sourcecode.c.objc; path = WPasswordProjectUITests.m; sourceTree = "<group>"; };
		14AE6C8E21D22A9600D4F63D /* Info.plist */ = {isa = PBXFileReference; lastKnownFileType = text.plist.xml; path = Info.plist; sourceTree = "<group>"; };
		14AE6CBA21D46ABC00D4F63D /* UITextField+cursor.h */ = {isa = PBXFileReference; fileEncoding = 4; lastKnownFileType = sourcecode.c.h; path = "UITextField+cursor.h"; sourceTree = "<group>"; };
		14AE6CBC21D46ABC00D4F63D /* UILabel+YBAttributeTextTapAction.h */ = {isa = PBXFileReference; fileEncoding = 4; lastKnownFileType = sourcecode.c.h; path = "UILabel+YBAttributeTextTapAction.h"; sourceTree = "<group>"; };
		14AE6CBD21D46ABC00D4F63D /* NSArray+NullJudge.m */ = {isa = PBXFileReference; fileEncoding = 4; lastKnownFileType = sourcecode.c.objc; path = "NSArray+NullJudge.m"; sourceTree = "<group>"; };
		14AE6CBF21D46ABC00D4F63D /* NSString+ToolString.m */ = {isa = PBXFileReference; fileEncoding = 4; lastKnownFileType = sourcecode.c.objc; path = "NSString+ToolString.m"; sourceTree = "<group>"; };
		14AE6CC021D46ABC00D4F63D /* NSDictionary+Log.m */ = {isa = PBXFileReference; fileEncoding = 4; lastKnownFileType = sourcecode.c.objc; path = "NSDictionary+Log.m"; sourceTree = "<group>"; };
		14AE6CC121D46ABC00D4F63D /* NSDictionary+Log.h */ = {isa = PBXFileReference; fileEncoding = 4; lastKnownFileType = sourcecode.c.h; path = "NSDictionary+Log.h"; sourceTree = "<group>"; };
		14AE6CC221D46ABC00D4F63D /* UILabel+YBAttributeTextTapAction.m */ = {isa = PBXFileReference; fileEncoding = 4; lastKnownFileType = sourcecode.c.objc; path = "UILabel+YBAttributeTextTapAction.m"; sourceTree = "<group>"; };
		14AE6CC521D46ABC00D4F63D /* NSArray+NullJudge.h */ = {isa = PBXFileReference; fileEncoding = 4; lastKnownFileType = sourcecode.c.h; path = "NSArray+NullJudge.h"; sourceTree = "<group>"; };
		14AE6CC621D46ABC00D4F63D /* UITextField+cursor.m */ = {isa = PBXFileReference; fileEncoding = 4; lastKnownFileType = sourcecode.c.objc; path = "UITextField+cursor.m"; sourceTree = "<group>"; };
		14AE6CC721D46ABC00D4F63D /* UIButton+UrlImageView.h */ = {isa = PBXFileReference; fileEncoding = 4; lastKnownFileType = sourcecode.c.h; path = "UIButton+UrlImageView.h"; sourceTree = "<group>"; };
		14AE6CC821D46ABC00D4F63D /* UIView+Action.h */ = {isa = PBXFileReference; fileEncoding = 4; lastKnownFileType = sourcecode.c.h; path = "UIView+Action.h"; sourceTree = "<group>"; };
		14AE6CC921D46ABD00D4F63D /* NSArray+Log.h */ = {isa = PBXFileReference; fileEncoding = 4; lastKnownFileType = sourcecode.c.h; path = "NSArray+Log.h"; sourceTree = "<group>"; };
		14AE6CCA21D46ABD00D4F63D /* UICountingLabel.h */ = {isa = PBXFileReference; fileEncoding = 4; lastKnownFileType = sourcecode.c.h; path = UICountingLabel.h; sourceTree = "<group>"; };
		14AE6CCB21D46ABD00D4F63D /* UIButton+UrlImageView.m */ = {isa = PBXFileReference; fileEncoding = 4; lastKnownFileType = sourcecode.c.objc; path = "UIButton+UrlImageView.m"; sourceTree = "<group>"; };
		14AE6CCC21D46ABD00D4F63D /* NSString+ToolString.h */ = {isa = PBXFileReference; fileEncoding = 4; lastKnownFileType = sourcecode.c.h; path = "NSString+ToolString.h"; sourceTree = "<group>"; };
		14AE6CCD21D46ABD00D4F63D /* UICountingLabel.m */ = {isa = PBXFileReference; fileEncoding = 4; lastKnownFileType = sourcecode.c.objc; path = UICountingLabel.m; sourceTree = "<group>"; };
		14AE6CCE21D46ABD00D4F63D /* UIImage+FixOrientation.h */ = {isa = PBXFileReference; fileEncoding = 4; lastKnownFileType = sourcecode.c.h; path = "UIImage+FixOrientation.h"; sourceTree = "<group>"; };
		14AE6CCF21D46ABD00D4F63D /* NSArray+Log.m */ = {isa = PBXFileReference; fileEncoding = 4; lastKnownFileType = sourcecode.c.objc; path = "NSArray+Log.m"; sourceTree = "<group>"; };
		14AE6CD021D46ABD00D4F63D /* UIImage+FixOrientation.m */ = {isa = PBXFileReference; fileEncoding = 4; lastKnownFileType = sourcecode.c.objc; path = "UIImage+FixOrientation.m"; sourceTree = "<group>"; };
		14AE6CD121D46ABD00D4F63D /* UIView+Action.m */ = {isa = PBXFileReference; fileEncoding = 4; lastKnownFileType = sourcecode.c.objc; path = "UIView+Action.m"; sourceTree = "<group>"; };
		14AE6CE121D46CDE00D4F63D /* UIView+CornerRadius.h */ = {isa = PBXFileReference; lastKnownFileType = sourcecode.c.h; path = "UIView+CornerRadius.h"; sourceTree = "<group>"; };
		14AE6CE221D46CDE00D4F63D /* UIView+CornerRadius.m */ = {isa = PBXFileReference; lastKnownFileType = sourcecode.c.objc; path = "UIView+CornerRadius.m"; sourceTree = "<group>"; };
		14AE6CE421D46F5300D4F63D /* NSDictionary+NullJudge.h */ = {isa = PBXFileReference; fileEncoding = 4; lastKnownFileType = sourcecode.c.h; path = "NSDictionary+NullJudge.h"; sourceTree = "<group>"; };
		14AE6CE521D46F5300D4F63D /* NSDictionary+NullJudge.m */ = {isa = PBXFileReference; fileEncoding = 4; lastKnownFileType = sourcecode.c.objc; path = "NSDictionary+NullJudge.m"; sourceTree = "<group>"; };
		14AE6CFB21D5D39D00D4F63D /* BaseViewContrroler+PhotoPicker.h */ = {isa = PBXFileReference; fileEncoding = 4; lastKnownFileType = sourcecode.c.h; path = "BaseViewContrroler+PhotoPicker.h"; sourceTree = "<group>"; };
		14AE6CFC21D5D39D00D4F63D /* BaseViewContrroler+PhotoPicker.m */ = {isa = PBXFileReference; fileEncoding = 4; lastKnownFileType = sourcecode.c.objc; path = "BaseViewContrroler+PhotoPicker.m"; sourceTree = "<group>"; };
		14AE6CFD21D5D39D00D4F63D /* BaseViewContrroler.h */ = {isa = PBXFileReference; fileEncoding = 4; lastKnownFileType = sourcecode.c.h; path = BaseViewContrroler.h; sourceTree = "<group>"; };
		14AE6CFE21D5D39D00D4F63D /* BaseViewContrroler.m */ = {isa = PBXFileReference; fileEncoding = 4; lastKnownFileType = sourcecode.c.objc; path = BaseViewContrroler.m; sourceTree = "<group>"; };
		14AE6D0A21D5D46500D4F63D /* icon_back_black.png */ = {isa = PBXFileReference; lastKnownFileType = image.png; path = icon_back_black.png; sourceTree = "<group>"; };
		14AE6D0B21D5D46500D4F63D /* UINavigationItem+WsqCustomItem.h */ = {isa = PBXFileReference; fileEncoding = 4; lastKnownFileType = sourcecode.c.h; path = "UINavigationItem+WsqCustomItem.h"; sourceTree = "<group>"; };
		14AE6D0C21D5D46500D4F63D /* UINavigationItem+WsqCustomItem.m */ = {isa = PBXFileReference; fileEncoding = 4; lastKnownFileType = sourcecode.c.objc; path = "UINavigationItem+WsqCustomItem.m"; sourceTree = "<group>"; };
		14AE6D0D21D5D46500D4F63D /* WsqCustomBarItem.h */ = {isa = PBXFileReference; fileEncoding = 4; lastKnownFileType = sourcecode.c.h; path = WsqCustomBarItem.h; sourceTree = "<group>"; };
		14AE6D0E21D5D46500D4F63D /* WsqCustomBarItem.m */ = {isa = PBXFileReference; fileEncoding = 4; lastKnownFileType = sourcecode.c.objc; path = WsqCustomBarItem.m; sourceTree = "<group>"; };
		14AE6D0F21D5D46500D4F63D /* WsqCustomNavigationVC.h */ = {isa = PBXFileReference; fileEncoding = 4; lastKnownFileType = sourcecode.c.h; path = WsqCustomNavigationVC.h; sourceTree = "<group>"; };
		14AE6D1021D5D46500D4F63D /* WsqCustomNavigationVC.m */ = {isa = PBXFileReference; fileEncoding = 4; lastKnownFileType = sourcecode.c.objc; path = WsqCustomNavigationVC.m; sourceTree = "<group>"; };
		14AE6D1121D5D46500D4F63D /* WSQTabBarController.h */ = {isa = PBXFileReference; fileEncoding = 4; lastKnownFileType = sourcecode.c.h; path = WSQTabBarController.h; sourceTree = "<group>"; };
		14AE6D1221D5D46500D4F63D /* WSQTabBarController.m */ = {isa = PBXFileReference; fileEncoding = 4; lastKnownFileType = sourcecode.c.objc; path = WSQTabBarController.m; sourceTree = "<group>"; };
		14AE6D1821D72C1600D4F63D /* AddViewContrroler.h */ = {isa = PBXFileReference; lastKnownFileType = sourcecode.c.h; path = AddViewContrroler.h; sourceTree = "<group>"; };
		14AE6D1921D72C1600D4F63D /* AddViewContrroler.m */ = {isa = PBXFileReference; lastKnownFileType = sourcecode.c.objc; path = AddViewContrroler.m; sourceTree = "<group>"; };
		14AE6D1B21D72C2200D4F63D /* HomeViewController.h */ = {isa = PBXFileReference; lastKnownFileType = sourcecode.c.h; path = HomeViewController.h; sourceTree = "<group>"; };
		14AE6D1C21D72C2200D4F63D /* HomeViewController.m */ = {isa = PBXFileReference; lastKnownFileType = sourcecode.c.objc; path = HomeViewController.m; sourceTree = "<group>"; };
		14AE6D1E21D72C3A00D4F63D /* PersonalViewController.h */ = {isa = PBXFileReference; lastKnownFileType = sourcecode.c.h; path = PersonalViewController.h; sourceTree = "<group>"; };
		14AE6D1F21D72C3A00D4F63D /* PersonalViewController.m */ = {isa = PBXFileReference; lastKnownFileType = sourcecode.c.objc; path = PersonalViewController.m; sourceTree = "<group>"; };
		14AE6D2121D750D400D4F63D /* PrefixHeader.pch */ = {isa = PBXFileReference; lastKnownFileType = sourcecode.c.h; path = PrefixHeader.pch; sourceTree = "<group>"; };
/* End PBXFileReference section */

/* Begin PBXFrameworksBuildPhase section */
		14AE6C6221D22A9400D4F63D /* Frameworks */ = {
			isa = PBXFrameworksBuildPhase;
			buildActionMask = 2147483647;
			files = (
			);
			runOnlyForDeploymentPostprocessing = 0;
		};
		14AE6C7A21D22A9600D4F63D /* Frameworks */ = {
			isa = PBXFrameworksBuildPhase;
			buildActionMask = 2147483647;
			files = (
			);
			runOnlyForDeploymentPostprocessing = 0;
		};
		14AE6C8521D22A9600D4F63D /* Frameworks */ = {
			isa = PBXFrameworksBuildPhase;
			buildActionMask = 2147483647;
			files = (
			);
			runOnlyForDeploymentPostprocessing = 0;
		};
/* End PBXFrameworksBuildPhase section */

/* Begin PBXGroup section */
		145A222C21E33927005CF1C1 /* setPassword */ = {
			isa = PBXGroup;
			children = (
				145A223221E3456D005CF1C1 /* GestureLock */,
				145A222D21E33963005CF1C1 /* SetecPasswordVC.h */,
				145A222E21E33963005CF1C1 /* SetecPasswordVC.m */,
				145A222F21E33963005CF1C1 /* SetecPasswordVC.xib */,
			);
			path = setPassword;
			sourceTree = "<group>";
		};
		145A223221E3456D005CF1C1 /* GestureLock */ = {
			isa = PBXGroup;
			children = (
				145A223321E3456D005CF1C1 /* resources */,
				145A223C21E3456D005CF1C1 /* ZLGestureLockIndicator.h */,
				145A223D21E3456D005CF1C1 /* ZLGestureLockIndicator.m */,
				145A223E21E3456D005CF1C1 /* ZLGestureLockView.h */,
				145A223F21E3456D005CF1C1 /* ZLGestureLockView.m */,
				145A224021E3456D005CF1C1 /* ZLGestureLockViewController.h */,
				145A224121E3456D005CF1C1 /* ZLGestureLockViewController.m */,
			);
			path = GestureLock;
			sourceTree = "<group>";
		};
		145A223321E3456D005CF1C1 /* resources */ = {
			isa = PBXGroup;
			children = (
				145A223421E3456D005CF1C1 /* gesture_headIcon@2x.png */,
				145A223521E3456D005CF1C1 /* gesture_indicator_normal@2x.png */,
				145A223621E3456D005CF1C1 /* gesture_indicator_selected@2x.png */,
				145A223721E3456D005CF1C1 /* gesture_normal@2x.png */,
				145A223821E3456D005CF1C1 /* gesture_selected@2x.png */,
				145A223921E3456D005CF1C1 /* 橙色椭圆.png */,
				145A223A21E3456D005CF1C1 /* 灰色椭圆.png */,
				145A223B21E3456D005CF1C1 /* 红色椭圆.png */,
			);
			path = resources;
			sourceTree = "<group>";
		};
		14AE6C5C21D22A9400D4F63D = {
			isa = PBXGroup;
			children = (
				14AE6C6721D22A9400D4F63D /* WPasswordProject */,
				14AE6C8021D22A9600D4F63D /* WPasswordProjectTests */,
				14AE6C8B21D22A9600D4F63D /* WPasswordProjectUITests */,
				14AE6C6621D22A9400D4F63D /* Products */,
			);
			sourceTree = "<group>";
		};
		14AE6C6621D22A9400D4F63D /* Products */ = {
			isa = PBXGroup;
			children = (
				14AE6C6521D22A9400D4F63D /* WPasswordProject.app */,
				14AE6C7D21D22A9600D4F63D /* WPasswordProjectTests.xctest */,
				14AE6C8821D22A9600D4F63D /* WPasswordProjectUITests.xctest */,
			);
			name = Products;
			sourceTree = "<group>";
		};
		14AE6C6721D22A9400D4F63D /* WPasswordProject */ = {
			isa = PBXGroup;
			children = (
				14AE6C6821D22A9400D4F63D /* AppDelegate.h */,
				14AE6C6921D22A9400D4F63D /* AppDelegate.m */,
				14AE6C6B21D22A9400D4F63D /* ViewController.h */,
				14AE6C6C21D22A9400D4F63D /* ViewController.m */,
				14AE6CFA21D5D39D00D4F63D /* BaseController */,
				14AE6CB721D46A1100D4F63D /* Commen */,
				14AE6D0921D5D46500D4F63D /* TabAndNavBar */,
				14AE6CA921D22C0B00D4F63D /* ThirdLib */,
				14AE6C9C21D22BFD00D4F63D /* MainModule */,
				14AE6C6E21D22A9400D4F63D /* Main.storyboard */,
				14AE6C7121D22A9500D4F63D /* Assets.xcassets */,
				14AE6C7321D22A9500D4F63D /* LaunchScreen.storyboard */,
				14AE6C7621D22A9600D4F63D /* Info.plist */,
				14AE6C7721D22A9600D4F63D /* main.m */,
				14AE6D2121D750D400D4F63D /* PrefixHeader.pch */,
			);
			path = WPasswordProject;
			sourceTree = "<group>";
		};
		14AE6C8021D22A9600D4F63D /* WPasswordProjectTests */ = {
			isa = PBXGroup;
			children = (
				14AE6C8121D22A9600D4F63D /* WPasswordProjectTests.m */,
				14AE6C8321D22A9600D4F63D /* Info.plist */,
			);
			path = WPasswordProjectTests;
			sourceTree = "<group>";
		};
		14AE6C8B21D22A9600D4F63D /* WPasswordProjectUITests */ = {
			isa = PBXGroup;
			children = (
				14AE6C8C21D22A9600D4F63D /* WPasswordProjectUITests.m */,
				14AE6C8E21D22A9600D4F63D /* Info.plist */,
			);
			path = WPasswordProjectUITests;
			sourceTree = "<group>";
		};
		14AE6C9C21D22BFD00D4F63D /* MainModule */ = {
			isa = PBXGroup;
			children = (
				14AE6CF621D5BF6800D4F63D /* Add */,
				14AE6CF221D5BF6800D4F63D /* HomePage */,
				14AE6CEE21D5BF6800D4F63D /* PersonalCenter */,
			);
			path = MainModule;
			sourceTree = "<group>";
		};
		14AE6CA921D22C0B00D4F63D /* ThirdLib */ = {
			isa = PBXGroup;
			children = (
			);
			path = ThirdLib;
			sourceTree = "<group>";
		};
		14AE6CB721D46A1100D4F63D /* Commen */ = {
			isa = PBXGroup;
			children = (
				145A222C21E33927005CF1C1 /* setPassword */,
				14AE6CB821D46A4B00D4F63D /* category */,
				14AE6CB921D46A4B00D4F63D /* tool */,
			);
			path = Commen;
			sourceTree = "<group>";
		};
		14AE6CB821D46A4B00D4F63D /* category */ = {
			isa = PBXGroup;
			children = (
				14AE6CC921D46ABD00D4F63D /* NSArray+Log.h */,
				14AE6CCF21D46ABD00D4F63D /* NSArray+Log.m */,
				14AE6CC521D46ABC00D4F63D /* NSArray+NullJudge.h */,
				14AE6CBD21D46ABC00D4F63D /* NSArray+NullJudge.m */,
				14AE6CC121D46ABC00D4F63D /* NSDictionary+Log.h */,
				14AE6CC021D46ABC00D4F63D /* NSDictionary+Log.m */,
				14AE6CE421D46F5300D4F63D /* NSDictionary+NullJudge.h */,
				14AE6CE521D46F5300D4F63D /* NSDictionary+NullJudge.m */,
				14AE6CCC21D46ABD00D4F63D /* NSString+ToolString.h */,
				14AE6CBF21D46ABC00D4F63D /* NSString+ToolString.m */,
				14AE6CC721D46ABC00D4F63D /* UIButton+UrlImageView.h */,
				14AE6CCB21D46ABD00D4F63D /* UIButton+UrlImageView.m */,
				14AE6CCA21D46ABD00D4F63D /* UICountingLabel.h */,
				14AE6CCD21D46ABD00D4F63D /* UICountingLabel.m */,
				14AE6CCE21D46ABD00D4F63D /* UIImage+FixOrientation.h */,
				14AE6CD021D46ABD00D4F63D /* UIImage+FixOrientation.m */,
				14AE6CBC21D46ABC00D4F63D /* UILabel+YBAttributeTextTapAction.h */,
				14AE6CC221D46ABC00D4F63D /* UILabel+YBAttributeTextTapAction.m */,
				14AE6CBA21D46ABC00D4F63D /* UITextField+cursor.h */,
				14AE6CC621D46ABC00D4F63D /* UITextField+cursor.m */,
				14AE6CC821D46ABC00D4F63D /* UIView+Action.h */,
				14AE6CD121D46ABD00D4F63D /* UIView+Action.m */,
				14AE6CE121D46CDE00D4F63D /* UIView+CornerRadius.h */,
				14AE6CE221D46CDE00D4F63D /* UIView+CornerRadius.m */,
			);
			path = category;
			sourceTree = "<group>";
		};
		14AE6CB921D46A4B00D4F63D /* tool */ = {
			isa = PBXGroup;
			children = (
			);
			path = tool;
			sourceTree = "<group>";
		};
		14AE6CEE21D5BF6800D4F63D /* PersonalCenter */ = {
			isa = PBXGroup;
			children = (
				14AE6CEF21D5BF6800D4F63D /* controller */,
				14AE6CF021D5BF6800D4F63D /* model */,
				14AE6CF121D5BF6800D4F63D /* view */,
			);
			path = PersonalCenter;
			sourceTree = "<group>";
		};
		14AE6CEF21D5BF6800D4F63D /* controller */ = {
			isa = PBXGroup;
			children = (
				14AE6D1E21D72C3A00D4F63D /* PersonalViewController.h */,
				14AE6D1F21D72C3A00D4F63D /* PersonalViewController.m */,
			);
			path = controller;
			sourceTree = "<group>";
		};
		14AE6CF021D5BF6800D4F63D /* model */ = {
			isa = PBXGroup;
			children = (
			);
			path = model;
			sourceTree = "<group>";
		};
		14AE6CF121D5BF6800D4F63D /* view */ = {
			isa = PBXGroup;
			children = (
			);
			path = view;
			sourceTree = "<group>";
		};
		14AE6CF221D5BF6800D4F63D /* HomePage */ = {
			isa = PBXGroup;
			children = (
				14AE6CF321D5BF6800D4F63D /* controller */,
				14AE6CF421D5BF6800D4F63D /* model */,
				14AE6CF521D5BF6800D4F63D /* view */,
			);
			path = HomePage;
			sourceTree = "<group>";
		};
		14AE6CF321D5BF6800D4F63D /* controller */ = {
			isa = PBXGroup;
			children = (
				14AE6D1B21D72C2200D4F63D /* HomeViewController.h */,
				14AE6D1C21D72C2200D4F63D /* HomeViewController.m */,
			);
			path = controller;
			sourceTree = "<group>";
		};
		14AE6CF421D5BF6800D4F63D /* model */ = {
			isa = PBXGroup;
			children = (
			);
			path = model;
			sourceTree = "<group>";
		};
		14AE6CF521D5BF6800D4F63D /* view */ = {
			isa = PBXGroup;
			children = (
			);
			path = view;
			sourceTree = "<group>";
		};
		14AE6CF621D5BF6800D4F63D /* Add */ = {
			isa = PBXGroup;
			children = (
				14AE6CF721D5BF6800D4F63D /* controller */,
				14AE6CF821D5BF6800D4F63D /* model */,
				14AE6CF921D5BF6800D4F63D /* view */,
			);
			path = Add;
			sourceTree = "<group>";
		};
		14AE6CF721D5BF6800D4F63D /* controller */ = {
			isa = PBXGroup;
			children = (
				14AE6D1821D72C1600D4F63D /* AddViewContrroler.h */,
				14AE6D1921D72C1600D4F63D /* AddViewContrroler.m */,
			);
			path = controller;
			sourceTree = "<group>";
		};
		14AE6CF821D5BF6800D4F63D /* model */ = {
			isa = PBXGroup;
			children = (
			);
			path = model;
			sourceTree = "<group>";
		};
		14AE6CF921D5BF6800D4F63D /* view */ = {
			isa = PBXGroup;
			children = (
			);
			path = view;
			sourceTree = "<group>";
		};
		14AE6CFA21D5D39D00D4F63D /* BaseController */ = {
			isa = PBXGroup;
			children = (
				14AE6CFB21D5D39D00D4F63D /* BaseViewContrroler+PhotoPicker.h */,
				14AE6CFC21D5D39D00D4F63D /* BaseViewContrroler+PhotoPicker.m */,
				14AE6CFD21D5D39D00D4F63D /* BaseViewContrroler.h */,
				14AE6CFE21D5D39D00D4F63D /* BaseViewContrroler.m */,
			);
			path = BaseController;
			sourceTree = "<group>";
		};
		14AE6D0921D5D46500D4F63D /* TabAndNavBar */ = {
			isa = PBXGroup;
			children = (
				14AE6D0A21D5D46500D4F63D /* icon_back_black.png */,
				14AE6D0B21D5D46500D4F63D /* UINavigationItem+WsqCustomItem.h */,
				14AE6D0C21D5D46500D4F63D /* UINavigationItem+WsqCustomItem.m */,
				14AE6D0D21D5D46500D4F63D /* WsqCustomBarItem.h */,
				14AE6D0E21D5D46500D4F63D /* WsqCustomBarItem.m */,
				14AE6D0F21D5D46500D4F63D /* WsqCustomNavigationVC.h */,
				14AE6D1021D5D46500D4F63D /* WsqCustomNavigationVC.m */,
				14AE6D1121D5D46500D4F63D /* WSQTabBarController.h */,
				14AE6D1221D5D46500D4F63D /* WSQTabBarController.m */,
			);
			path = TabAndNavBar;
			sourceTree = "<group>";
		};
/* End PBXGroup section */

/* Begin PBXNativeTarget section */
		14AE6C6421D22A9400D4F63D /* WPasswordProject */ = {
			isa = PBXNativeTarget;
			buildConfigurationList = 14AE6C9121D22A9600D4F63D /* Build configuration list for PBXNativeTarget "WPasswordProject" */;
			buildPhases = (
				14AE6C6121D22A9400D4F63D /* Sources */,
				14AE6C6221D22A9400D4F63D /* Frameworks */,
				14AE6C6321D22A9400D4F63D /* Resources */,
			);
			buildRules = (
			);
			dependencies = (
			);
			name = WPasswordProject;
			productName = WPasswordProject;
			productReference = 14AE6C6521D22A9400D4F63D /* WPasswordProject.app */;
			productType = "com.apple.product-type.application";
		};
		14AE6C7C21D22A9600D4F63D /* WPasswordProjectTests */ = {
			isa = PBXNativeTarget;
			buildConfigurationList = 14AE6C9421D22A9600D4F63D /* Build configuration list for PBXNativeTarget "WPasswordProjectTests" */;
			buildPhases = (
				14AE6C7921D22A9600D4F63D /* Sources */,
				14AE6C7A21D22A9600D4F63D /* Frameworks */,
				14AE6C7B21D22A9600D4F63D /* Resources */,
			);
			buildRules = (
			);
			dependencies = (
				14AE6C7F21D22A9600D4F63D /* PBXTargetDependency */,
			);
			name = WPasswordProjectTests;
			productName = WPasswordProjectTests;
			productReference = 14AE6C7D21D22A9600D4F63D /* WPasswordProjectTests.xctest */;
			productType = "com.apple.product-type.bundle.unit-test";
		};
		14AE6C8721D22A9600D4F63D /* WPasswordProjectUITests */ = {
			isa = PBXNativeTarget;
			buildConfigurationList = 14AE6C9721D22A9600D4F63D /* Build configuration list for PBXNativeTarget "WPasswordProjectUITests" */;
			buildPhases = (
				14AE6C8421D22A9600D4F63D /* Sources */,
				14AE6C8521D22A9600D4F63D /* Frameworks */,
				14AE6C8621D22A9600D4F63D /* Resources */,
			);
			buildRules = (
			);
			dependencies = (
				14AE6C8A21D22A9600D4F63D /* PBXTargetDependency */,
			);
			name = WPasswordProjectUITests;
			productName = WPasswordProjectUITests;
			productReference = 14AE6C8821D22A9600D4F63D /* WPasswordProjectUITests.xctest */;
			productType = "com.apple.product-type.bundle.ui-testing";
		};
/* End PBXNativeTarget section */

/* Begin PBXProject section */
		14AE6C5D21D22A9400D4F63D /* Project object */ = {
			isa = PBXProject;
			attributes = {
				LastUpgradeCheck = 0940;
				ORGANIZATIONNAME = "Crazy Wang";
				TargetAttributes = {
					14AE6C6421D22A9400D4F63D = {
						CreatedOnToolsVersion = 9.4.1;
					};
					14AE6C7C21D22A9600D4F63D = {
						CreatedOnToolsVersion = 9.4.1;
						TestTargetID = 14AE6C6421D22A9400D4F63D;
					};
					14AE6C8721D22A9600D4F63D = {
						CreatedOnToolsVersion = 9.4.1;
						TestTargetID = 14AE6C6421D22A9400D4F63D;
					};
				};
			};
			buildConfigurationList = 14AE6C6021D22A9400D4F63D /* Build configuration list for PBXProject "WPasswordProject" */;
			compatibilityVersion = "Xcode 9.3";
			developmentRegion = en;
			hasScannedForEncodings = 0;
			knownRegions = (
				en,
				Base,
			);
			mainGroup = 14AE6C5C21D22A9400D4F63D;
			productRefGroup = 14AE6C6621D22A9400D4F63D /* Products */;
			projectDirPath = "";
			projectRoot = "";
			targets = (
				14AE6C6421D22A9400D4F63D /* WPasswordProject */,
				14AE6C7C21D22A9600D4F63D /* WPasswordProjectTests */,
				14AE6C8721D22A9600D4F63D /* WPasswordProjectUITests */,
			);
		};
/* End PBXProject section */

/* Begin PBXResourcesBuildPhase section */
		14AE6C6321D22A9400D4F63D /* Resources */ = {
			isa = PBXResourcesBuildPhase;
			buildActionMask = 2147483647;
			files = (
				145A223121E33963005CF1C1 /* SetecPasswordVC.xib in Resources */,
				14AE6C7521D22A9500D4F63D /* LaunchScreen.storyboard in Resources */,
				14AE6C7221D22A9500D4F63D /* Assets.xcassets in Resources */,
				145A224521E3456D005CF1C1 /* gesture_normal@2x.png in Resources */,
				145A224421E3456D005CF1C1 /* gesture_indicator_selected@2x.png in Resources */,
				145A224221E3456D005CF1C1 /* gesture_headIcon@2x.png in Resources */,
				145A224921E3456D005CF1C1 /* 红色椭圆.png in Resources */,
				145A224321E3456D005CF1C1 /* gesture_indicator_normal@2x.png in Resources */,
				14AE6C7021D22A9400D4F63D /* Main.storyboard in Resources */,
				145A224821E3456D005CF1C1 /* 灰色椭圆.png in Resources */,
				14AE6D1321D5D46500D4F63D /* icon_back_black.png in Resources */,
				145A224721E3456D005CF1C1 /* 橙色椭圆.png in Resources */,
				145A224621E3456D005CF1C1 /* gesture_selected@2x.png in Resources */,
			);
			runOnlyForDeploymentPostprocessing = 0;
		};
		14AE6C7B21D22A9600D4F63D /* Resources */ = {
			isa = PBXResourcesBuildPhase;
			buildActionMask = 2147483647;
			files = (
			);
			runOnlyForDeploymentPostprocessing = 0;
		};
		14AE6C8621D22A9600D4F63D /* Resources */ = {
			isa = PBXResourcesBuildPhase;
			buildActionMask = 2147483647;
			files = (
			);
			runOnlyForDeploymentPostprocessing = 0;
		};
/* End PBXResourcesBuildPhase section */

/* Begin PBXSourcesBuildPhase section */
		14AE6C6121D22A9400D4F63D /* Sources */ = {
			isa = PBXSourcesBuildPhase;
			buildActionMask = 2147483647;
			files = (
				14AE6CD921D46ABD00D4F63D /* UIButton+UrlImageView.m in Sources */,
				14AE6D1621D5D46500D4F63D /* WsqCustomNavigationVC.m in Sources */,
				14AE6D0021D5D39D00D4F63D /* BaseViewContrroler.m in Sources */,
				14AE6D1421D5D46500D4F63D /* UINavigationItem+WsqCustomItem.m in Sources */,
				14AE6D1A21D72C1600D4F63D /* AddViewContrroler.m in Sources */,
				14AE6C6D21D22A9400D4F63D /* ViewController.m in Sources */,
				14AE6D2021D72C3A00D4F63D /* PersonalViewController.m in Sources */,
				14AE6D1521D5D46500D4F63D /* WsqCustomBarItem.m in Sources */,
				14AE6CD421D46ABD00D4F63D /* NSDictionary+Log.m in Sources */,
				14AE6CFF21D5D39D00D4F63D /* BaseViewContrroler+PhotoPicker.m in Sources */,
				14AE6D1D21D72C2200D4F63D /* HomeViewController.m in Sources */,
				14AE6CD321D46ABD00D4F63D /* NSString+ToolString.m in Sources */,
				14AE6C7821D22A9600D4F63D /* main.m in Sources */,
				145A224C21E3456D005CF1C1 /* ZLGestureLockViewController.m in Sources */,
				14AE6CE321D46CDE00D4F63D /* UIView+CornerRadius.m in Sources */,
				145A224A21E3456D005CF1C1 /* ZLGestureLockIndicator.m in Sources */,
				14AE6CDA21D46ABD00D4F63D /* UICountingLabel.m in Sources */,
				14AE6CD521D46ABD00D4F63D /* UILabel+YBAttributeTextTapAction.m in Sources */,
				14AE6D1721D5D46500D4F63D /* WSQTabBarController.m in Sources */,
				14AE6CDB21D46ABD00D4F63D /* NSArray+Log.m in Sources */,
				14AE6C6A21D22A9400D4F63D /* AppDelegate.m in Sources */,
				14AE6CDC21D46ABD00D4F63D /* UIImage+FixOrientation.m in Sources */,
				14AE6CD821D46ABD00D4F63D /* UITextField+cursor.m in Sources */,
				145A224B21E3456D005CF1C1 /* ZLGestureLockView.m in Sources */,
				14AE6CD221D46ABD00D4F63D /* NSArray+NullJudge.m in Sources */,
				14AE6CDD21D46ABD00D4F63D /* UIView+Action.m in Sources */,
				14AE6CE621D46F5300D4F63D /* NSDictionary+NullJudge.m in Sources */,
				145A223021E33963005CF1C1 /* SetecPasswordVC.m in Sources */,
			);
			runOnlyForDeploymentPostprocessing = 0;
		};
		14AE6C7921D22A9600D4F63D /* Sources */ = {
			isa = PBXSourcesBuildPhase;
			buildActionMask = 2147483647;
			files = (
				14AE6C8221D22A9600D4F63D /* WPasswordProjectTests.m in Sources */,
			);
			runOnlyForDeploymentPostprocessing = 0;
		};
		14AE6C8421D22A9600D4F63D /* Sources */ = {
			isa = PBXSourcesBuildPhase;
			buildActionMask = 2147483647;
			files = (
				14AE6C8D21D22A9600D4F63D /* WPasswordProjectUITests.m in Sources */,
			);
			runOnlyForDeploymentPostprocessing = 0;
		};
/* End PBXSourcesBuildPhase section */

/* Begin PBXTargetDependency section */
		14AE6C7F21D22A9600D4F63D /* PBXTargetDependency */ = {
			isa = PBXTargetDependency;
			target = 14AE6C6421D22A9400D4F63D /* WPasswordProject */;
			targetProxy = 14AE6C7E21D22A9600D4F63D /* PBXContainerItemProxy */;
		};
		14AE6C8A21D22A9600D4F63D /* PBXTargetDependency */ = {
			isa = PBXTargetDependency;
			target = 14AE6C6421D22A9400D4F63D /* WPasswordProject */;
			targetProxy = 14AE6C8921D22A9600D4F63D /* PBXContainerItemProxy */;
		};
/* End PBXTargetDependency section */

/* Begin PBXVariantGroup section */
		14AE6C6E21D22A9400D4F63D /* Main.storyboard */ = {
			isa = PBXVariantGroup;
			children = (
				14AE6C6F21D22A9400D4F63D /* Base */,
			);
			name = Main.storyboard;
			sourceTree = "<group>";
		};
		14AE6C7321D22A9500D4F63D /* LaunchScreen.storyboard */ = {
			isa = PBXVariantGroup;
			children = (
				14AE6C7421D22A9500D4F63D /* Base */,
			);
			name = LaunchScreen.storyboard;
			sourceTree = "<group>";
		};
/* End PBXVariantGroup section */

/* Begin XCBuildConfiguration section */
		14AE6C8F21D22A9600D4F63D /* Debug */ = {
			isa = XCBuildConfiguration;
			buildSettings = {
				ALWAYS_SEARCH_USER_PATHS = NO;
				CLANG_ANALYZER_NONNULL = YES;
				CLANG_ANALYZER_NUMBER_OBJECT_CONVERSION = YES_AGGRESSIVE;
				CLANG_CXX_LANGUAGE_STANDARD = "gnu++14";
				CLANG_CXX_LIBRARY = "libc++";
				CLANG_ENABLE_MODULES = YES;
				CLANG_ENABLE_OBJC_ARC = YES;
				CLANG_ENABLE_OBJC_WEAK = YES;
				CLANG_WARN_BLOCK_CAPTURE_AUTORELEASING = YES;
				CLANG_WARN_BOOL_CONVERSION = YES;
				CLANG_WARN_COMMA = YES;
				CLANG_WARN_CONSTANT_CONVERSION = YES;
				CLANG_WARN_DEPRECATED_OBJC_IMPLEMENTATIONS = YES;
				CLANG_WARN_DIRECT_OBJC_ISA_USAGE = YES_ERROR;
				CLANG_WARN_DOCUMENTATION_COMMENTS = YES;
				CLANG_WARN_EMPTY_BODY = YES;
				CLANG_WARN_ENUM_CONVERSION = YES;
				CLANG_WARN_INFINITE_RECURSION = YES;
				CLANG_WARN_INT_CONVERSION = YES;
				CLANG_WARN_NON_LITERAL_NULL_CONVERSION = YES;
				CLANG_WARN_OBJC_IMPLICIT_RETAIN_SELF = YES;
				CLANG_WARN_OBJC_LITERAL_CONVERSION = YES;
				CLANG_WARN_OBJC_ROOT_CLASS = YES_ERROR;
				CLANG_WARN_RANGE_LOOP_ANALYSIS = YES;
				CLANG_WARN_STRICT_PROTOTYPES = YES;
				CLANG_WARN_SUSPICIOUS_MOVE = YES;
				CLANG_WARN_UNGUARDED_AVAILABILITY = YES_AGGRESSIVE;
				CLANG_WARN_UNREACHABLE_CODE = YES;
				CLANG_WARN__DUPLICATE_METHOD_MATCH = YES;
				CODE_SIGN_IDENTITY = "iPhone Developer";
				COPY_PHASE_STRIP = NO;
				DEBUG_INFORMATION_FORMAT = dwarf;
				ENABLE_STRICT_OBJC_MSGSEND = YES;
				ENABLE_TESTABILITY = YES;
				GCC_C_LANGUAGE_STANDARD = gnu11;
				GCC_DYNAMIC_NO_PIC = NO;
				GCC_NO_COMMON_BLOCKS = YES;
				GCC_OPTIMIZATION_LEVEL = 0;
				GCC_PREPROCESSOR_DEFINITIONS = (
					"DEBUG=1",
					"$(inherited)",
				);
				GCC_WARN_64_TO_32_BIT_CONVERSION = YES;
				GCC_WARN_ABOUT_RETURN_TYPE = YES_ERROR;
				GCC_WARN_UNDECLARED_SELECTOR = YES;
				GCC_WARN_UNINITIALIZED_AUTOS = YES_AGGRESSIVE;
				GCC_WARN_UNUSED_FUNCTION = YES;
				GCC_WARN_UNUSED_VARIABLE = YES;
				IPHONEOS_DEPLOYMENT_TARGET = 11.4;
				MTL_ENABLE_DEBUG_INFO = YES;
				ONLY_ACTIVE_ARCH = YES;
				SDKROOT = iphoneos;
			};
			name = Debug;
		};
		14AE6C9021D22A9600D4F63D /* Release */ = {
			isa = XCBuildConfiguration;
			buildSettings = {
				ALWAYS_SEARCH_USER_PATHS = NO;
				CLANG_ANALYZER_NONNULL = YES;
				CLANG_ANALYZER_NUMBER_OBJECT_CONVERSION = YES_AGGRESSIVE;
				CLANG_CXX_LANGUAGE_STANDARD = "gnu++14";
				CLANG_CXX_LIBRARY = "libc++";
				CLANG_ENABLE_MODULES = YES;
				CLANG_ENABLE_OBJC_ARC = YES;
				CLANG_ENABLE_OBJC_WEAK = YES;
				CLANG_WARN_BLOCK_CAPTURE_AUTORELEASING = YES;
				CLANG_WARN_BOOL_CONVERSION = YES;
				CLANG_WARN_COMMA = YES;
				CLANG_WARN_CONSTANT_CONVERSION = YES;
				CLANG_WARN_DEPRECATED_OBJC_IMPLEMENTATIONS = YES;
				CLANG_WARN_DIRECT_OBJC_ISA_USAGE = YES_ERROR;
				CLANG_WARN_DOCUMENTATION_COMMENTS = YES;
				CLANG_WARN_EMPTY_BODY = YES;
				CLANG_WARN_ENUM_CONVERSION = YES;
				CLANG_WARN_INFINITE_RECURSION = YES;
				CLANG_WARN_INT_CONVERSION = YES;
				CLANG_WARN_NON_LITERAL_NULL_CONVERSION = YES;
				CLANG_WARN_OBJC_IMPLICIT_RETAIN_SELF = YES;
				CLANG_WARN_OBJC_LITERAL_CONVERSION = YES;
				CLANG_WARN_OBJC_ROOT_CLASS = YES_ERROR;
				CLANG_WARN_RANGE_LOOP_ANALYSIS = YES;
				CLANG_WARN_STRICT_PROTOTYPES = YES;
				CLANG_WARN_SUSPICIOUS_MOVE = YES;
				CLANG_WARN_UNGUARDED_AVAILABILITY = YES_AGGRESSIVE;
				CLANG_WARN_UNREACHABLE_CODE = YES;
				CLANG_WARN__DUPLICATE_METHOD_MATCH = YES;
				CODE_SIGN_IDENTITY = "iPhone Developer";
				COPY_PHASE_STRIP = NO;
				DEBUG_INFORMATION_FORMAT = "dwarf-with-dsym";
				ENABLE_NS_ASSERTIONS = NO;
				ENABLE_STRICT_OBJC_MSGSEND = YES;
				GCC_C_LANGUAGE_STANDARD = gnu11;
				GCC_NO_COMMON_BLOCKS = YES;
				GCC_WARN_64_TO_32_BIT_CONVERSION = YES;
				GCC_WARN_ABOUT_RETURN_TYPE = YES_ERROR;
				GCC_WARN_UNDECLARED_SELECTOR = YES;
				GCC_WARN_UNINITIALIZED_AUTOS = YES_AGGRESSIVE;
				GCC_WARN_UNUSED_FUNCTION = YES;
				GCC_WARN_UNUSED_VARIABLE = YES;
				IPHONEOS_DEPLOYMENT_TARGET = 11.4;
				MTL_ENABLE_DEBUG_INFO = NO;
				SDKROOT = iphoneos;
				VALIDATE_PRODUCT = YES;
			};
			name = Release;
		};
		14AE6C9221D22A9600D4F63D /* Debug */ = {
			isa = XCBuildConfiguration;
			buildSettings = {
				ASSETCATALOG_COMPILER_APPICON_NAME = AppIcon;
				CODE_SIGN_STYLE = Automatic;
				GCC_PRECOMPILE_PREFIX_HEADER = YES;
				GCC_PREFIX_HEADER = "$(SRCROOT)/WPasswordProject/PrefixHeader.pch";
				INFOPLIST_FILE = WPasswordProject/Info.plist;
				IPHONEOS_DEPLOYMENT_TARGET = 9.0;
				LD_RUNPATH_SEARCH_PATHS = (
					"$(inherited)",
					"@executable_path/Frameworks",
				);
				PRODUCT_BUNDLE_IDENTIFIER = wsq.WPasswordProject;
				PRODUCT_NAME = "$(TARGET_NAME)";
				TARGETED_DEVICE_FAMILY = "1,2";
			};
			name = Debug;
		};
		14AE6C9321D22A9600D4F63D /* Release */ = {
			isa = XCBuildConfiguration;
			buildSettings = {
				ASSETCATALOG_COMPILER_APPICON_NAME = AppIcon;
				CODE_SIGN_STYLE = Automatic;
				GCC_PRECOMPILE_PREFIX_HEADER = YES;
				GCC_PREFIX_HEADER = "$(SRCROOT)/WPasswordProject/PrefixHeader.pch";
				INFOPLIST_FILE = WPasswordProject/Info.plist;
				IPHONEOS_DEPLOYMENT_TARGET = 9.0;
				LD_RUNPATH_SEARCH_PATHS = (
					"$(inherited)",
					"@executable_path/Frameworks",
				);
				PRODUCT_BUNDLE_IDENTIFIER = wsq.WPasswordProject;
				PRODUCT_NAME = "$(TARGET_NAME)";
				TARGETED_DEVICE_FAMILY = "1,2";
			};
			name = Release;
		};
		14AE6C9521D22A9600D4F63D /* Debug */ = {
			isa = XCBuildConfiguration;
			buildSettings = {
				BUNDLE_LOADER = "$(TEST_HOST)";
				CODE_SIGN_STYLE = Automatic;
				INFOPLIST_FILE = WPasswordProjectTests/Info.plist;
				LD_RUNPATH_SEARCH_PATHS = (
					"$(inherited)",
					"@executable_path/Frameworks",
					"@loader_path/Frameworks",
				);
				PRODUCT_BUNDLE_IDENTIFIER = wsq.WPasswordProjectTests;
				PRODUCT_NAME = "$(TARGET_NAME)";
				TARGETED_DEVICE_FAMILY = "1,2";
				TEST_HOST = "$(BUILT_PRODUCTS_DIR)/WPasswordProject.app/WPasswordProject";
			};
			name = Debug;
		};
		14AE6C9621D22A9600D4F63D /* Release */ = {
			isa = XCBuildConfiguration;
			buildSettings = {
				BUNDLE_LOADER = "$(TEST_HOST)";
				CODE_SIGN_STYLE = Automatic;
				INFOPLIST_FILE = WPasswordProjectTests/Info.plist;
				LD_RUNPATH_SEARCH_PATHS = (
					"$(inherited)",
					"@executable_path/Frameworks",
					"@loader_path/Frameworks",
				);
				PRODUCT_BUNDLE_IDENTIFIER = wsq.WPasswordProjectTests;
				PRODUCT_NAME = "$(TARGET_NAME)";
				TARGETED_DEVICE_FAMILY = "1,2";
				TEST_HOST = "$(BUILT_PRODUCTS_DIR)/WPasswordProject.app/WPasswordProject";
			};
			name = Release;
		};
		14AE6C9821D22A9600D4F63D /* Debug */ = {
			isa = XCBuildConfiguration;
			buildSettings = {
				CODE_SIGN_STYLE = Automatic;
				INFOPLIST_FILE = WPasswordProjectUITests/Info.plist;
				LD_RUNPATH_SEARCH_PATHS = (
					"$(inherited)",
					"@executable_path/Frameworks",
					"@loader_path/Frameworks",
				);
				PRODUCT_BUNDLE_IDENTIFIER = wsq.WPasswordProjectUITests;
				PRODUCT_NAME = "$(TARGET_NAME)";
				TARGETED_DEVICE_FAMILY = "1,2";
				TEST_TARGET_NAME = WPasswordProject;
			};
			name = Debug;
		};
		14AE6C9921D22A9600D4F63D /* Release */ = {
			isa = XCBuildConfiguration;
			buildSettings = {
				CODE_SIGN_STYLE = Automatic;
				INFOPLIST_FILE = WPasswordProjectUITests/Info.plist;
				LD_RUNPATH_SEARCH_PATHS = (
					"$(inherited)",
					"@executable_path/Frameworks",
					"@loader_path/Frameworks",
				);
				PRODUCT_BUNDLE_IDENTIFIER = wsq.WPasswordProjectUITests;
				PRODUCT_NAME = "$(TARGET_NAME)";
				TARGETED_DEVICE_FAMILY = "1,2";
				TEST_TARGET_NAME = WPasswordProject;
			};
			name = Release;
		};
/* End XCBuildConfiguration section */

/* Begin XCConfigurationList section */
		14AE6C6021D22A9400D4F63D /* Build configuration list for PBXProject "WPasswordProject" */ = {
			isa = XCConfigurationList;
			buildConfigurations = (
				14AE6C8F21D22A9600D4F63D /* Debug */,
				14AE6C9021D22A9600D4F63D /* Release */,
			);
			defaultConfigurationIsVisible = 0;
			defaultConfigurationName = Release;
		};
		14AE6C9121D22A9600D4F63D /* Build configuration list for PBXNativeTarget "WPasswordProject" */ = {
			isa = XCConfigurationList;
			buildConfigurations = (
				14AE6C9221D22A9600D4F63D /* Debug */,
				14AE6C9321D22A9600D4F63D /* Release */,
			);
			defaultConfigurationIsVisible = 0;
			defaultConfigurationName = Release;
		};
		14AE6C9421D22A9600D4F63D /* Build configuration list for PBXNativeTarget "WPasswordProjectTests" */ = {
			isa = XCConfigurationList;
			buildConfigurations = (
				14AE6C9521D22A9600D4F63D /* Debug */,
				14AE6C9621D22A9600D4F63D /* Release */,
			);
			defaultConfigurationIsVisible = 0;
			defaultConfigurationName = Release;
		};
		14AE6C9721D22A9600D4F63D /* Build configuration list for PBXNativeTarget "WPasswordProjectUITests" */ = {
			isa = XCConfigurationList;
			buildConfigurations = (
				14AE6C9821D22A9600D4F63D /* Debug */,
				14AE6C9921D22A9600D4F63D /* Release */,
			);
			defaultConfigurationIsVisible = 0;
			defaultConfigurationName = Release;
		};
/* End XCConfigurationList section */
	};
	rootObject = 14AE6C5D21D22A9400D4F63D /* Project object */;
}
